
Microsoft Visual Studio Solution File, Format Version 12.00
# Visual Studio Version 17
VisualStudioVersion = 17.12.35707.178
MinimumVisualStudioVersion = 10.0.40219.1
Project("{FAE04EC0-301F-11D3-BF4B-00C04F79EFBC}") = "NaraChatFrontEnd", "NaraChatFrontEnd\NaraChatFrontEnd.csproj", "{B3672F7E-587A-4DB7-A101-8696366A6C5E}"
EndProject
Project("{FAE04EC0-301F-11D3-BF4B-00C04F79EFBC}") = "NaraChat.Contract", "NaraChat.Contract\NaraChat.Contract.csproj", "{E2EC630D-B9F3-44AD-8CD5-783A2B2B3A51}"
EndProject
Project("{FAE04EC0-301F-11D3-BF4B-00C04F79EFBC}") = "NaraChat.Application", "NaraChat.Application\NaraChat.Application.csproj", "{A24528D3-607A-49AA-904B-30A2BC490A30}"
EndProject
Global
	GlobalSection(SolutionConfigurationPlatforms) = preSolution
		Debug|Any CPU = Debug|Any CPU
		Release|Any CPU = Release|Any CPU
	EndGlobalSection
	GlobalSection(ProjectConfigurationPlatforms) = postSolution
		{B3672F7E-587A-4DB7-A101-8696366A6C5E}.Debug|Any CPU.ActiveCfg = Debug|Any CPU
		{B3672F7E-587A-4DB7-A101-8696366A6C5E}.Debug|Any CPU.Build.0 = Debug|Any CPU
		{B3672F7E-587A-4DB7-A101-8696366A6C5E}.Release|Any CPU.ActiveCfg = Release|Any CPU
		{B3672F7E-587A-4DB7-A101-8696366A6C5E}.Release|Any CPU.Build.0 = Release|Any CPU
		{E2EC630D-B9F3-44AD-8CD5-783A2B2B3A51}.Debug|Any CPU.ActiveCfg = Debug|Any CPU
		{E2EC630D-B9F3-44AD-8CD5-783A2B2B3A51}.Debug|Any CPU.Build.0 = Debug|Any CPU
		{E2EC630D-B9F3-44AD-8CD5-783A2B2B3A51}.Release|Any CPU.ActiveCfg = Release|Any CPU
		{E2EC630D-B9F3-44AD-8CD5-783A2B2B3A51}.Release|Any CPU.Build.0 = Release|Any CPU
		{A24528D3-607A-49AA-904B-30A2BC490A30}.Debug|Any CPU.ActiveCfg = Debug|Any CPU
		{A24528D3-607A-49AA-904B-30A2BC490A30}.Debug|Any CPU.Build.0 = Debug|Any CPU
		{A24528D3-607A-49AA-904B-30A2BC490A30}.Release|Any CPU.ActiveCfg = Release|Any CPU
		{A24528D3-607A-49AA-904B-30A2BC490A30}.Release|Any CPU.Build.0 = Release|Any CPU
	EndGlobalSection
	GlobalSection(SolutionProperties) = preSolution
		HideSolutionNode = FALSE
	EndGlobalSection
	GlobalSection(ExtensibilityGlobals) = postSolution
		SolutionGuid = {3FE600B3-B152-4D7B-9BEE-73122B3ACB52}
	EndGlobalSection
EndGlobal
